
Microsoft Visual Studio Solution File, Format Version 12.00
# Visual Studio Version 16
VisualStudioVersion = 16.0.30413.136
MinimumVisualStudioVersion = 10.0.40219.1
Project("{9A19103F-16F7-4668-BE54-9A1E7A4F7556}") = "KawaiiMoneyManager.Data", "KawaiiMoneyManager.Data\KawaiiMoneyManager.Data.csproj", "{1869F6E3-8AF5-46EC-8543-5C4A854B9B2F}"
EndProject
Project("{9A19103F-16F7-4668-BE54-9A1E7A4F7556}") = "KawaiiMoneyManager.Data.LiteDb", "KawaiiMoneyManager.Data.LiteDb\KawaiiMoneyManager.Data.LiteDb.csproj", "{6E63EAC1-45FC-4E32-9086-A4836EA007EA}"
EndProject
Project("{9A19103F-16F7-4668-BE54-9A1E7A4F7556}") = "KawaiiMoneyManager.Data.Tests", "KawaiiMoneyManager.Data.Tests\KawaiiMoneyManager.Data.Tests.csproj", "{C6404EAB-FC9A-4B89-84F7-7BE1EA8B74ED}"
EndProject
Project("{9A19103F-16F7-4668-BE54-9A1E7A4F7556}") = "KawaiiMoneyManager.Services", "KawaiiMoneyManager.Services\KawaiiMoneyManager.Services.csproj", "{A42A83AE-7914-4AFB-B8F3-C3883FAD6FAD}"
EndProject
Project("{9A19103F-16F7-4668-BE54-9A1E7A4F7556}") = "KawaiiMoneyManager", "KawaiiMoneyManager\KawaiiMoneyManager.csproj", "{7871BA53-27E2-4323-8028-1127A94C2076}"
EndProject
Project("{9A19103F-16F7-4668-BE54-9A1E7A4F7556}") = "KawaiiMoneyManager.Services.Tests", "KawaiiMoneyManager.Services.Tests\KawaiiMoneyManager.Services.Tests.csproj", "{D3832292-8EE8-4253-BD18-104E59CB4D11}"
EndProject
Project("{FAE04EC0-301F-11D3-BF4B-00C04F79EFBC}") = "KawaiiMoneyManager.Requirements", "KawaiiMoneyManager.Requirements\KawaiiMoneyManager.Requirements.csproj", "{7121B60A-03D9-47BE-9D9C-AD54557A3160}"
EndProject
Global
	GlobalSection(SolutionConfigurationPlatforms) = preSolution
		Debug|Any CPU = Debug|Any CPU
		Release|Any CPU = Release|Any CPU
	EndGlobalSection
	GlobalSection(ProjectConfigurationPlatforms) = postSolution
		{1869F6E3-8AF5-46EC-8543-5C4A854B9B2F}.Debug|Any CPU.ActiveCfg = Debug|Any CPU
		{1869F6E3-8AF5-46EC-8543-5C4A854B9B2F}.Debug|Any CPU.Build.0 = Debug|Any CPU
		{1869F6E3-8AF5-46EC-8543-5C4A854B9B2F}.Release|Any CPU.ActiveCfg = Release|Any CPU
		{1869F6E3-8AF5-46EC-8543-5C4A854B9B2F}.Release|Any CPU.Build.0 = Release|Any CPU
		{6E63EAC1-45FC-4E32-9086-A4836EA007EA}.Debug|Any CPU.ActiveCfg = Debug|Any CPU
		{6E63EAC1-45FC-4E32-9086-A4836EA007EA}.Debug|Any CPU.Build.0 = Debug|Any CPU
		{6E63EAC1-45FC-4E32-9086-A4836EA007EA}.Release|Any CPU.ActiveCfg = Release|Any CPU
		{6E63EAC1-45FC-4E32-9086-A4836EA007EA}.Release|Any CPU.Build.0 = Release|Any CPU
		{C6404EAB-FC9A-4B89-84F7-7BE1EA8B74ED}.Debug|Any CPU.ActiveCfg = Debug|Any CPU
		{C6404EAB-FC9A-4B89-84F7-7BE1EA8B74ED}.Debug|Any CPU.Build.0 = Debug|Any CPU
		{C6404EAB-FC9A-4B89-84F7-7BE1EA8B74ED}.Release|Any CPU.ActiveCfg = Release|Any CPU
		{C6404EAB-FC9A-4B89-84F7-7BE1EA8B74ED}.Release|Any CPU.Build.0 = Release|Any CPU
		{A42A83AE-7914-4AFB-B8F3-C3883FAD6FAD}.Debug|Any CPU.ActiveCfg = Debug|Any CPU
		{A42A83AE-7914-4AFB-B8F3-C3883FAD6FAD}.Debug|Any CPU.Build.0 = Debug|Any CPU
		{A42A83AE-7914-4AFB-B8F3-C3883FAD6FAD}.Release|Any CPU.ActiveCfg = Release|Any CPU
		{A42A83AE-7914-4AFB-B8F3-C3883FAD6FAD}.Release|Any CPU.Build.0 = Release|Any CPU
		{7871BA53-27E2-4323-8028-1127A94C2076}.Debug|Any CPU.ActiveCfg = Debug|Any CPU
		{7871BA53-27E2-4323-8028-1127A94C2076}.Debug|Any CPU.Build.0 = Debug|Any CPU
		{7871BA53-27E2-4323-8028-1127A94C2076}.Release|Any CPU.ActiveCfg = Release|Any CPU
		{7871BA53-27E2-4323-8028-1127A94C2076}.Release|Any CPU.Build.0 = Release|Any CPU
		{D3832292-8EE8-4253-BD18-104E59CB4D11}.Debug|Any CPU.ActiveCfg = Debug|Any CPU
		{D3832292-8EE8-4253-BD18-104E59CB4D11}.Debug|Any CPU.Build.0 = Debug|Any CPU
		{D3832292-8EE8-4253-BD18-104E59CB4D11}.Release|Any CPU.ActiveCfg = Release|Any CPU
		{D3832292-8EE8-4253-BD18-104E59CB4D11}.Release|Any CPU.Build.0 = Release|Any CPU
		{7121B60A-03D9-47BE-9D9C-AD54557A3160}.Debug|Any CPU.ActiveCfg = Debug|Any CPU
		{7121B60A-03D9-47BE-9D9C-AD54557A3160}.Debug|Any CPU.Build.0 = Debug|Any CPU
		{7121B60A-03D9-47BE-9D9C-AD54557A3160}.Release|Any CPU.ActiveCfg = Release|Any CPU
		{7121B60A-03D9-47BE-9D9C-AD54557A3160}.Release|Any CPU.Build.0 = Release|Any CPU
	EndGlobalSection
	GlobalSection(SolutionProperties) = preSolution
		HideSolutionNode = FALSE
	EndGlobalSection
	GlobalSection(ExtensibilityGlobals) = postSolution
		SolutionGuid = {DDD84AE4-B6E1-40FF-8D0B-8B69B02E78BD}
	EndGlobalSection
EndGlobal
